
Microsoft Visual Studio Solution File, Format Version 12.00
# Visual Studio 2012
Project("{2150E333-8FDC-42A3-9474-1A3956D46DE8}") = "_root", "_root", "{38E4FF33-FB21-41C6-92F8-4587A8F4F4DE}"
	ProjectSection(SolutionItems) = preProject
		README.md = README.md
		LICENSE.txt = LICENSE.txt
	EndProjectSection
EndProject
Project("{2150E333-8FDC-42A3-9474-1A3956D46DE8}") = "sample", "sample", "{DA1E6CF8-39C0-46CC-AA36-2BBCC8E670BE}"
EndProject
Project("{2150E333-8FDC-42A3-9474-1A3956D46DE8}") = "src", "src", "{C8301DC9-9119-4B34-B8A9-DC25EBA75D1A}"
EndProject
Project("{FAE04EC0-301F-11D3-BF4B-00C04F79EFBC}") = "E5R.DotNet.Utilities.AspNetCore", "src\E5R.DotNet.Utilities.AspNetCore\E5R.DotNet.Utilities.AspNetCore.csproj", "{DD4BBA49-6969-462B-879E-3DC7D38D1EAE}"
EndProject
Project("{FAE04EC0-301F-11D3-BF4B-00C04F79EFBC}") = "EndPoint.Sample.Web", "sample\EndPoint.Sample.Web\EndPoint.Sample.Web.csproj", "{84DA6325-1862-46F7-BED4-206F0DD3D8F6}"
EndProject
Global
	GlobalSection(SolutionConfigurationPlatforms) = preSolution
		Debug|x86 = Debug|x86
		Release|x86 = Release|x86
		Debug|Any CPU = Debug|Any CPU
		Release|Any CPU = Release|Any CPU
	EndGlobalSection
	GlobalSection(ProjectConfigurationPlatforms) = postSolution
		{DD4BBA49-6969-462B-879E-3DC7D38D1EAE}.Debug|x86.ActiveCfg = Debug|x86
		{DD4BBA49-6969-462B-879E-3DC7D38D1EAE}.Debug|x86.Build.0 = Debug|x86
		{DD4BBA49-6969-462B-879E-3DC7D38D1EAE}.Release|x86.ActiveCfg = Release|x86
		{DD4BBA49-6969-462B-879E-3DC7D38D1EAE}.Release|x86.Build.0 = Release|x86
		{DD4BBA49-6969-462B-879E-3DC7D38D1EAE}.Debug|Any CPU.ActiveCfg = Debug|Any CPU
		{DD4BBA49-6969-462B-879E-3DC7D38D1EAE}.Debug|Any CPU.Build.0 = Debug|Any CPU
		{DD4BBA49-6969-462B-879E-3DC7D38D1EAE}.Release|Any CPU.ActiveCfg = Release|Any CPU
		{DD4BBA49-6969-462B-879E-3DC7D38D1EAE}.Release|Any CPU.Build.0 = Release|Any CPU
		{84DA6325-1862-46F7-BED4-206F0DD3D8F6}.Debug|x86.ActiveCfg = Debug|x86
		{84DA6325-1862-46F7-BED4-206F0DD3D8F6}.Debug|x86.Build.0 = Debug|x86
		{84DA6325-1862-46F7-BED4-206F0DD3D8F6}.Release|x86.ActiveCfg = Release|x86
		{84DA6325-1862-46F7-BED4-206F0DD3D8F6}.Release|x86.Build.0 = Release|x86
		{84DA6325-1862-46F7-BED4-206F0DD3D8F6}.Debug|Any CPU.ActiveCfg = Debug|Any CPU
		{84DA6325-1862-46F7-BED4-206F0DD3D8F6}.Debug|Any CPU.Build.0 = Debug|Any CPU
		{84DA6325-1862-46F7-BED4-206F0DD3D8F6}.Release|Any CPU.ActiveCfg = Release|Any CPU
		{84DA6325-1862-46F7-BED4-206F0DD3D8F6}.Release|Any CPU.Build.0 = Release|Any CPU
	EndGlobalSection
	GlobalSection(NestedProjects) = preSolution
		{DD4BBA49-6969-462B-879E-3DC7D38D1EAE} = {C8301DC9-9119-4B34-B8A9-DC25EBA75D1A}
		{84DA6325-1862-46F7-BED4-206F0DD3D8F6} = {DA1E6CF8-39C0-46CC-AA36-2BBCC8E670BE}
	EndGlobalSection
	GlobalSection(MonoDevelopProperties) = preSolution
		Policies = $0
		$0.DotNetNamingPolicy = $1
		$1.DirectoryNamespaceAssociation = None
		$1.ResourceNamePolicy = FileFormatDefault
	EndGlobalSection
EndGlobal
